{
  "name": "@tddc/td-tree-view",
  "version": "0.0.2",
  "lockfileVersion": 1,
  "requires": true,
  "dependencies": {
    "universal-cookie": {
      "version": "2.2.0",
      "resolved": "https://registry.npmmirror.com/universal-cookie/-/universal-cookie-2.2.0.tgz",
      "integrity": "sha512-weEuvQvnMs74WGwqKSbeapCRv/7ATHDCqrfZtj579r3fQCxcwtoXYMoaZ8YOCQga/ctQTYy20xMOH1u7cAAU6w==",
      "requires": {
        "cookie": "^0.3.1",
        "object-assign": "^4.1.0"
      },
      "dependencies": {
        "cookie": {
          "version": "0.3.1",
          "resolved": "https://registry.npmmirror.com/cookie/-/cookie-0.3.1.tgz",
          "integrity": "sha512-+IJOX0OqlHCszo2mBUq+SrEbCj6w7Kpffqx60zYbPTFaO4+yYgRjHwcZNpWvaTylDHaV7PPmBHzSecZiMhtPgw=="
        },
        "object-assign": {
          "version": "4.1.1",
          "resolved": "https://registry.npmmirror.com/object-assign/-/object-assign-4.1.1.tgz",
          "integrity": "sha512-rJgTQnkUnH1sFw8yT6VSU3zD3sWmu6sZhIseY8VX+GRu3P6F7Fu+JNDoXfklElbLJSnc3FUQHVe4cU5hj+BcUg=="
        }
      }
    }
  }
}
