{
  "name": "@tddc/assign-modal",
  "version": "3.1.5",
  "lockfileVersion": 2,
  "requires": true,
  "packages": {
    "": {
      "name": "@tddc/assign-modal",
      "version": "3.1.5",
      "license": "ISC",
      "devDependencies": {
        "react": ">=16.8.0",
        "universal-cookie": ">=2.2.0"
      }
    },
    "node_modules/react": {
      "version": "19.2.3",
      "resolved": "https://registry.npmmirror.com/react/-/react-19.2.3.tgz",
      "integrity": "sha512-Ku/hhYbVjOQnXDZFv2+RibmLFGwFdeeKHFcOTlrt7xplBnya5OGn/hIRDsqDiSUcfORsDC7MPxwork8jBwsIWA==",
      "dev": true,
      "engines": {
        "node": ">=0.10.0"
      }
    },
    "node_modules/universal-cookie": {
      "version": "8.0.1",
      "resolved": "https://registry.npmmirror.com/universal-cookie/-/universal-cookie-8.0.1.tgz",
      "integrity": "sha512-B6ks9FLLnP1UbPPcveOidfvB9pHjP+wekP2uRYB9YDfKVpvcjKgy1W5Zj+cEXJ9KTPnqOKGfVDQBmn8/YCQfRg==",
      "dev": true,
      "dependencies": {
        "cookie": "^1.0.2"
      }
    },
    "node_modules/universal-cookie/node_modules/cookie": {
      "version": "1.1.1",
      "resolved": "https://registry.npmmirror.com/cookie/-/cookie-1.1.1.tgz",
      "integrity": "sha512-ei8Aos7ja0weRpFzJnEA9UHJ/7XQmqglbRwnf2ATjcB9Wq874VKH9kfjjirM6UhU2/E5fFYadylyhFldcqSidQ==",
      "dev": true,
      "engines": {
        "node": ">=18"
      },
      "funding": {
        "type": "opencollective",
        "url": "https://opencollective.com/express"
      }
    }
  },
  "dependencies": {
    "react": {
      "version": "19.2.3",
      "resolved": "https://registry.npmmirror.com/react/-/react-19.2.3.tgz",
      "integrity": "sha512-Ku/hhYbVjOQnXDZFv2+RibmLFGwFdeeKHFcOTlrt7xplBnya5OGn/hIRDsqDiSUcfORsDC7MPxwork8jBwsIWA==",
      "dev": true
    },
    "universal-cookie": {
      "version": "8.0.1",
      "resolved": "https://registry.npmmirror.com/universal-cookie/-/universal-cookie-8.0.1.tgz",
      "integrity": "sha512-B6ks9FLLnP1UbPPcveOidfvB9pHjP+wekP2uRYB9YDfKVpvcjKgy1W5Zj+cEXJ9KTPnqOKGfVDQBmn8/YCQfRg==",
      "dev": true,
      "requires": {
        "cookie": "^1.0.2"
      },
      "dependencies": {
        "cookie": {
          "version": "1.1.1",
          "resolved": "https://registry.npmmirror.com/cookie/-/cookie-1.1.1.tgz",
          "integrity": "sha512-ei8Aos7ja0weRpFzJnEA9UHJ/7XQmqglbRwnf2ATjcB9Wq874VKH9kfjjirM6UhU2/E5fFYadylyhFldcqSidQ==",
          "dev": true
        }
      }
    }
  }
}
